github.com/gin-contrib/sse v0.1.0 h1:SSYc1AMjZrRyCcW/3MCmDQzSi4F9tvsO0tL9aK2kS0g=
github.com/gin-contrib/sse v0.1.0/go.mod h1:Gm4w8bxtTKIuSMYiPBswR1D2mIi5t/mzpyEDhoL2M3U=
github.com/gin-gonic/gin v1.7.7 h1:xbnvELZnHZtZW6E1ik/1Kp8quMs6l1BJxEKebt60Swo=
github.com/gin-gonic/gin v1.7.7/go.mod h1:8YvdbA1ny/AmptkLOa6so9fC2Y+d8Lcxu+sqf+SR3sw=
github.com/go-playground/locales v0.14.0 h1:K3gHp1FLQ9uURnNEAradXlqchWjK5MpkmfUWfZjR0RE=
github.com/go-playground/locales v0.14.0/go.mod h1:yNbmjWHdDf/pRQDgUXsMXNlqCf7+kGVFfuTM1qYFPrk=
github.com/go-playground/universal-translator v0.18.0 h1:MoKwFwPEi+nvONpA4DSDPIW1PYjMP9w6/QxS6jL3Sls=
github.com/go-playground/universal-translator v0.18.0/go.mod h1:wPL3gUjYgNd4ujPlbxdZQqSeZCC12CxSY6R6qkfD0Bc=
github.com/go-playground/validator/v10 v10.6.1 h1:bBXGo1GSUXU4Y6yO2xtTcsZBz7s5kO1sryIT3r2V/yU=
github.com/go-playground/validator/v10 v10.6.1/go.mod h1:77tL9VeAoYXX2Uv5ZhO4BGnmESw0Z4hx7v9TPG3MU9k=
github.com/goccy/go-json v0.7.0 h1:7pgD8NhQFdQ+o/Xsud48rG7Jc2nnMIoJ4QukjApJ4TY=
github.com/goccy/go-json v0.7.0/go.mod h1:s5T1NdrEuV+n4S9HPSNujM/nDSowL0HrwGgh5/6Sb7c=
github.com/json-iterator/go v1.1.12 h1:Z4vXqbpytfBzeSn6c9+Pj8QpwoaIa4ZMrP+piNoR9vg=
github.com/json-iterator/go v1.1.12/go.mod h1:m3aIT9I86iF6X50s7FpqTfBfdFI8dV0Cn9n0PbGwXdM=
github.com/leodido/go-urn v1.2.1 h1:sKKSRuTz+fpHn4hxJeyRUOCxH8IkT5+o1U3HfqyQ+Ew=
github.com/leodido/go-urn v1.2.1/go.mod h1:PhicPGnNqujM0ujFgS9taKuSuYIXEyWaq0wH2L1MX5Q=
github.com/mattn/go-isatty v0.0.12 h1:8dc0a9FKyWBWlftXN4z0tVtReyHPlHsLdJXYXSJwHTk=
github.com/mattn/go-isatty v0.0.12/go.mod h1:q8sJCLD0qxBW1dPFu5QADvyavGh4v5OMn1pEhJb3EpA=
github.com/modern-go/concurrent v0.0.0-20180306012644-bacd9c7ef1dd h1:HYteRjykKtJtTOM08GJiIRHupj9HgK2XVo/t7V7+CIk=
github.com/modern-go/concurrent v0.0.0-20180306012644-bacd9c7ef1dd/go.mod h1:5QdYlGIVrYE5NzXy0oLV1+FZOn/HN6x8r9S9zYW3D5w=
github.com/modern-go/reflect2 v1.0.2 h1:vd1J+AnA0ygAZzKqsGRy4U4TcKQBrJ0shY45wlBspKw=
github.com/modern-go/reflect2 v1.0.2/go.mod h1:ug+RzEOa6pXwdbE1bw9R1hmz31wAL3wgT5W0ganV3wQ=
github.com/stretchr/testify v1.7.0 h1:NhXS83mA4htnEv6Byf00s/Mkz/EUlqhRvT/OFHAOLCQ=
github.com/stretchr/testify v1.7.0/go.mod h1:mrY7CuCt2IC6C1ckDe+8VegaBLc1NzmYgN0gQfsDArM=
golang.org/x/sys v0.0.0-20210809222454-d867a43fc93e h1:hbtvubvnsDWpRCXLuxDgZme1lg1aDTxAfx/KSzp7vXw=
golang.org/x/sys v0.0.0-20210809222454-d867a43fc93e/go.mod h1:Mz1r36+yIh19GzA7U4RLs8OAzp5NSlrxQAcB3VhCF24=
gopkg.in/yaml.v2 v2.4.0 h1:pL9RguP2IK9phFuWZdu6AYPn3WoK7OW/xqUg5V8zhGw=
gopkg.in/yaml.v2 v2.4.0/go.mod h1:8Uhw6ShcdLQyDNen2ANd2UKFO2v4Q7dDRm4/ogiMH/U=
